
Microsoft Visual Studio Solution File, Format Version 12.00
# Visual Studio Version 16
VisualStudioVersion = 16.0.31205.134
MinimumVisualStudioVersion = 10.0.40219.1
Project("{FAE04EC0-301F-11D3-BF4B-00C04F79EFBC}") = "TestProject1", "..\TestProject1\TestProject1.csproj", "{8E76B540-5BF1-4CF5-8056-85EAA12F1B7F}"
EndProject
Global
	GlobalSection(SolutionConfigurationPlatforms) = preSolution
		Debug|Any CPU = Debug|Any CPU
		Release|Any CPU = Release|Any CPU
	EndGlobalSection
	GlobalSection(ProjectConfigurationPlatforms) = postSolution
		{8E76B540-5BF1-4CF5-8056-85EAA12F1B7F}.Debug|Any CPU.ActiveCfg = Debug|Any CPU
		{8E76B540-5BF1-4CF5-8056-85EAA12F1B7F}.Debug|Any CPU.Build.0 = Debug|Any CPU
		{8E76B540-5BF1-4CF5-8056-85EAA12F1B7F}.Release|Any CPU.ActiveCfg = Release|Any CPU
		{8E76B540-5BF1-4CF5-8056-85EAA12F1B7F}.Release|Any CPU.Build.0 = Release|Any CPU
	EndGlobalSection
	GlobalSection(SolutionProperties) = preSolution
		HideSolutionNode = FALSE
	EndGlobalSection
	GlobalSection(ExtensibilityGlobals) = postSolution
		SolutionGuid = {7B6585DE-6AA9-4BDB-9D2F-041EE0DEF7FD}
	EndGlobalSection
EndGlobal
